
Microsoft Visual Studio Solution File, Format Version 12.00
# Visual Studio Version 17
VisualStudioVersion = 17.0.31903.59
MinimumVisualStudioVersion = 10.0.40219.1
Project("{2150E333-8FDC-42A3-9474-1A3956D46DE8}") = "src", "src", "{827E0CD3-B72D-47B6-A68D-7590B98EB39B}"
EndProject
Project("{FAE04EC0-301F-11D3-BF4B-00C04F79EFBC}") = "GameBook.Api", "src\GameBook.Api\GameBook.Api.csproj", "{C47A8FF3-087D-4C3D-9BE3-14837F1484F4}"
EndProject
Project("{FAE04EC0-301F-11D3-BF4B-00C04F79EFBC}") = "GameBook.Application", "src\GameBook.Application\GameBook.Application.csproj", "{B3D35EC7-FAD2-45D5-A1B6-FA733A1A1EEC}"
EndProject
Project("{FAE04EC0-301F-11D3-BF4B-00C04F79EFBC}") = "GameBook.Domain", "src\GameBook.Domain\GameBook.Domain.csproj", "{0AAD0056-C6DC-4E31-AEF2-EEEE2F288A33}"
EndProject
Project("{FAE04EC0-301F-11D3-BF4B-00C04F79EFBC}") = "GameBook.Infrastructure", "src\GameBook.Infrastructure\GameBook.Infrastructure.csproj", "{F6F5BBC2-625A-43C1-A7F9-26E7B63F70F4}"
EndProject
Project("{FAE04EC0-301F-11D3-BF4B-00C04F79EFBC}") = "GameBook.Contracts", "src\GameBook.Contracts\GameBook.Contracts.csproj", "{09EB93CE-E55A-4FC1-8417-5FD338988A54}"
EndProject
Project("{2150E333-8FDC-42A3-9474-1A3956D46DE8}") = "tests", "tests", "{0AB3BF05-4346-4AA6-1389-037BE0695223}"
EndProject
Project("{FAE04EC0-301F-11D3-BF4B-00C04F79EFBC}") = "GameBook.Application.UnitTests", "tests\GameBook.Application.UnitTests\GameBook.Application.UnitTests.csproj", "{56B01CF0-D07B-4D9B-AE14-51BF079981E5}"
EndProject
Project("{FAE04EC0-301F-11D3-BF4B-00C04F79EFBC}") = "GameBook.Api.IntegrationTests", "tests\GameBook.Api.IntegrationTests\GameBook.Api.IntegrationTests.csproj", "{53736F08-52CD-4786-AA0F-CD857F10502A}"
EndProject
Project("{FAE04EC0-301F-11D3-BF4B-00C04F79EFBC}") = "GameBook.Architecture.Tests", "tests\GameBook.Architecture.Tests\GameBook.Architecture.Tests.csproj", "{B6B3B95E-DCE6-40D9-9224-C8B3570FB3D8}"
EndProject
Global
	GlobalSection(SolutionConfigurationPlatforms) = preSolution
		Debug|Any CPU = Debug|Any CPU
		Debug|x64 = Debug|x64
		Debug|x86 = Debug|x86
		Release|Any CPU = Release|Any CPU
		Release|x64 = Release|x64
		Release|x86 = Release|x86
	EndGlobalSection
	GlobalSection(ProjectConfigurationPlatforms) = postSolution
		{C47A8FF3-087D-4C3D-9BE3-14837F1484F4}.Debug|Any CPU.ActiveCfg = Debug|Any CPU
		{C47A8FF3-087D-4C3D-9BE3-14837F1484F4}.Debug|Any CPU.Build.0 = Debug|Any CPU
		{C47A8FF3-087D-4C3D-9BE3-14837F1484F4}.Debug|x64.ActiveCfg = Debug|Any CPU
		{C47A8FF3-087D-4C3D-9BE3-14837F1484F4}.Debug|x64.Build.0 = Debug|Any CPU
		{C47A8FF3-087D-4C3D-9BE3-14837F1484F4}.Debug|x86.ActiveCfg = Debug|Any CPU
		{C47A8FF3-087D-4C3D-9BE3-14837F1484F4}.Debug|x86.Build.0 = Debug|Any CPU
		{C47A8FF3-087D-4C3D-9BE3-14837F1484F4}.Release|Any CPU.ActiveCfg = Release|Any CPU
		{C47A8FF3-087D-4C3D-9BE3-14837F1484F4}.Release|Any CPU.Build.0 = Release|Any CPU
		{C47A8FF3-087D-4C3D-9BE3-14837F1484F4}.Release|x64.ActiveCfg = Release|Any CPU
		{C47A8FF3-087D-4C3D-9BE3-14837F1484F4}.Release|x64.Build.0 = Release|Any CPU
		{C47A8FF3-087D-4C3D-9BE3-14837F1484F4}.Release|x86.ActiveCfg = Release|Any CPU
		{C47A8FF3-087D-4C3D-9BE3-14837F1484F4}.Release|x86.Build.0 = Release|Any CPU
		{B3D35EC7-FAD2-45D5-A1B6-FA733A1A1EEC}.Debug|Any CPU.ActiveCfg = Debug|Any CPU
		{B3D35EC7-FAD2-45D5-A1B6-FA733A1A1EEC}.Debug|Any CPU.Build.0 = Debug|Any CPU
		{B3D35EC7-FAD2-45D5-A1B6-FA733A1A1EEC}.Debug|x64.ActiveCfg = Debug|Any CPU
		{B3D35EC7-FAD2-45D5-A1B6-FA733A1A1EEC}.Debug|x64.Build.0 = Debug|Any CPU
		{B3D35EC7-FAD2-45D5-A1B6-FA733A1A1EEC}.Debug|x86.ActiveCfg = Debug|Any CPU
		{B3D35EC7-FAD2-45D5-A1B6-FA733A1A1EEC}.Debug|x86.Build.0 = Debug|Any CPU
		{B3D35EC7-FAD2-45D5-A1B6-FA733A1A1EEC}.Release|Any CPU.ActiveCfg = Release|Any CPU
		{B3D35EC7-FAD2-45D5-A1B6-FA733A1A1EEC}.Release|Any CPU.Build.0 = Release|Any CPU
		{B3D35EC7-FAD2-45D5-A1B6-FA733A1A1EEC}.Release|x64.ActiveCfg = Release|Any CPU
		{B3D35EC7-FAD2-45D5-A1B6-FA733A1A1EEC}.Release|x64.Build.0 = Release|Any CPU
		{B3D35EC7-FAD2-45D5-A1B6-FA733A1A1EEC}.Release|x86.ActiveCfg = Release|Any CPU
		{B3D35EC7-FAD2-45D5-A1B6-FA733A1A1EEC}.Release|x86.Build.0 = Release|Any CPU
		{0AAD0056-C6DC-4E31-AEF2-EEEE2F288A33}.Debug|Any CPU.ActiveCfg = Debug|Any CPU
		{0AAD0056-C6DC-4E31-AEF2-EEEE2F288A33}.Debug|Any CPU.Build.0 = Debug|Any CPU
		{0AAD0056-C6DC-4E31-AEF2-EEEE2F288A33}.Debug|x64.ActiveCfg = Debug|Any CPU
		{0AAD0056-C6DC-4E31-AEF2-EEEE2F288A33}.Debug|x64.Build.0 = Debug|Any CPU
		{0AAD0056-C6DC-4E31-AEF2-EEEE2F288A33}.Debug|x86.ActiveCfg = Debug|Any CPU
		{0AAD0056-C6DC-4E31-AEF2-EEEE2F288A33}.Debug|x86.Build.0 = Debug|Any CPU
		{0AAD0056-C6DC-4E31-AEF2-EEEE2F288A33}.Release|Any CPU.ActiveCfg = Release|Any CPU
		{0AAD0056-C6DC-4E31-AEF2-EEEE2F288A33}.Release|Any CPU.Build.0 = Release|Any CPU
		{0AAD0056-C6DC-4E31-AEF2-EEEE2F288A33}.Release|x64.ActiveCfg = Release|Any CPU
		{0AAD0056-C6DC-4E31-AEF2-EEEE2F288A33}.Release|x64.Build.0 = Release|Any CPU
		{0AAD0056-C6DC-4E31-AEF2-EEEE2F288A33}.Release|x86.ActiveCfg = Release|Any CPU
		{0AAD0056-C6DC-4E31-AEF2-EEEE2F288A33}.Release|x86.Build.0 = Release|Any CPU
		{F6F5BBC2-625A-43C1-A7F9-26E7B63F70F4}.Debug|Any CPU.ActiveCfg = Debug|Any CPU
		{F6F5BBC2-625A-43C1-A7F9-26E7B63F70F4}.Debug|Any CPU.Build.0 = Debug|Any CPU
		{F6F5BBC2-625A-43C1-A7F9-26E7B63F70F4}.Debug|x64.ActiveCfg = Debug|Any CPU
		{F6F5BBC2-625A-43C1-A7F9-26E7B63F70F4}.Debug|x64.Build.0 = Debug|Any CPU
		{F6F5BBC2-625A-43C1-A7F9-26E7B63F70F4}.Debug|x86.ActiveCfg = Debug|Any CPU
		{F6F5BBC2-625A-43C1-A7F9-26E7B63F70F4}.Debug|x86.Build.0 = Debug|Any CPU
		{F6F5BBC2-625A-43C1-A7F9-26E7B63F70F4}.Release|Any CPU.ActiveCfg = Release|Any CPU
		{F6F5BBC2-625A-43C1-A7F9-26E7B63F70F4}.Release|Any CPU.Build.0 = Release|Any CPU
		{F6F5BBC2-625A-43C1-A7F9-26E7B63F70F4}.Release|x64.ActiveCfg = Release|Any CPU
		{F6F5BBC2-625A-43C1-A7F9-26E7B63F70F4}.Release|x64.Build.0 = Release|Any CPU
		{F6F5BBC2-625A-43C1-A7F9-26E7B63F70F4}.Release|x86.ActiveCfg = Release|Any CPU
		{F6F5BBC2-625A-43C1-A7F9-26E7B63F70F4}.Release|x86.Build.0 = Release|Any CPU
		{09EB93CE-E55A-4FC1-8417-5FD338988A54}.Debug|Any CPU.ActiveCfg = Debug|Any CPU
		{09EB93CE-E55A-4FC1-8417-5FD338988A54}.Debug|Any CPU.Build.0 = Debug|Any CPU
		{09EB93CE-E55A-4FC1-8417-5FD338988A54}.Debug|x64.ActiveCfg = Debug|Any CPU
		{09EB93CE-E55A-4FC1-8417-5FD338988A54}.Debug|x64.Build.0 = Debug|Any CPU
		{09EB93CE-E55A-4FC1-8417-5FD338988A54}.Debug|x86.ActiveCfg = Debug|Any CPU
		{09EB93CE-E55A-4FC1-8417-5FD338988A54}.Debug|x86.Build.0 = Debug|Any CPU
		{09EB93CE-E55A-4FC1-8417-5FD338988A54}.Release|Any CPU.ActiveCfg = Release|Any CPU
		{09EB93CE-E55A-4FC1-8417-5FD338988A54}.Release|Any CPU.Build.0 = Release|Any CPU
		{09EB93CE-E55A-4FC1-8417-5FD338988A54}.Release|x64.ActiveCfg = Release|Any CPU
		{09EB93CE-E55A-4FC1-8417-5FD338988A54}.Release|x64.Build.0 = Release|Any CPU
		{09EB93CE-E55A-4FC1-8417-5FD338988A54}.Release|x86.ActiveCfg = Release|Any CPU
		{09EB93CE-E55A-4FC1-8417-5FD338988A54}.Release|x86.Build.0 = Release|Any CPU
		{56B01CF0-D07B-4D9B-AE14-51BF079981E5}.Debug|Any CPU.ActiveCfg = Debug|Any CPU
		{56B01CF0-D07B-4D9B-AE14-51BF079981E5}.Debug|Any CPU.Build.0 = Debug|Any CPU
		{56B01CF0-D07B-4D9B-AE14-51BF079981E5}.Debug|x64.ActiveCfg = Debug|Any CPU
		{56B01CF0-D07B-4D9B-AE14-51BF079981E5}.Debug|x64.Build.0 = Debug|Any CPU
		{56B01CF0-D07B-4D9B-AE14-51BF079981E5}.Debug|x86.ActiveCfg = Debug|Any CPU
		{56B01CF0-D07B-4D9B-AE14-51BF079981E5}.Debug|x86.Build.0 = Debug|Any CPU
		{56B01CF0-D07B-4D9B-AE14-51BF079981E5}.Release|Any CPU.ActiveCfg = Release|Any CPU
		{56B01CF0-D07B-4D9B-AE14-51BF079981E5}.Release|Any CPU.Build.0 = Release|Any CPU
		{56B01CF0-D07B-4D9B-AE14-51BF079981E5}.Release|x64.ActiveCfg = Release|Any CPU
		{56B01CF0-D07B-4D9B-AE14-51BF079981E5}.Release|x64.Build.0 = Release|Any CPU
		{56B01CF0-D07B-4D9B-AE14-51BF079981E5}.Release|x86.ActiveCfg = Release|Any CPU
		{56B01CF0-D07B-4D9B-AE14-51BF079981E5}.Release|x86.Build.0 = Release|Any CPU
		{53736F08-52CD-4786-AA0F-CD857F10502A}.Debug|Any CPU.ActiveCfg = Debug|Any CPU
		{53736F08-52CD-4786-AA0F-CD857F10502A}.Debug|Any CPU.Build.0 = Debug|Any CPU
		{53736F08-52CD-4786-AA0F-CD857F10502A}.Debug|x64.ActiveCfg = Debug|Any CPU
		{53736F08-52CD-4786-AA0F-CD857F10502A}.Debug|x64.Build.0 = Debug|Any CPU
		{53736F08-52CD-4786-AA0F-CD857F10502A}.Debug|x86.ActiveCfg = Debug|Any CPU
		{53736F08-52CD-4786-AA0F-CD857F10502A}.Debug|x86.Build.0 = Debug|Any CPU
		{53736F08-52CD-4786-AA0F-CD857F10502A}.Release|Any CPU.ActiveCfg = Release|Any CPU
		{53736F08-52CD-4786-AA0F-CD857F10502A}.Release|Any CPU.Build.0 = Release|Any CPU
		{53736F08-52CD-4786-AA0F-CD857F10502A}.Release|x64.ActiveCfg = Release|Any CPU
		{53736F08-52CD-4786-AA0F-CD857F10502A}.Release|x64.Build.0 = Release|Any CPU
		{53736F08-52CD-4786-AA0F-CD857F10502A}.Release|x86.ActiveCfg = Release|Any CPU
		{53736F08-52CD-4786-AA0F-CD857F10502A}.Release|x86.Build.0 = Release|Any CPU
		{B6B3B95E-DCE6-40D9-9224-C8B3570FB3D8}.Debug|Any CPU.ActiveCfg = Debug|Any CPU
		{B6B3B95E-DCE6-40D9-9224-C8B3570FB3D8}.Debug|Any CPU.Build.0 = Debug|Any CPU
		{B6B3B95E-DCE6-40D9-9224-C8B3570FB3D8}.Debug|x64.ActiveCfg = Debug|Any CPU
		{B6B3B95E-DCE6-40D9-9224-C8B3570FB3D8}.Debug|x64.Build.0 = Debug|Any CPU
		{B6B3B95E-DCE6-40D9-9224-C8B3570FB3D8}.Debug|x86.ActiveCfg = Debug|Any CPU
		{B6B3B95E-DCE6-40D9-9224-C8B3570FB3D8}.Debug|x86.Build.0 = Debug|Any CPU
		{B6B3B95E-DCE6-40D9-9224-C8B3570FB3D8}.Release|Any CPU.ActiveCfg = Release|Any CPU
		{B6B3B95E-DCE6-40D9-9224-C8B3570FB3D8}.Release|Any CPU.Build.0 = Release|Any CPU
		{B6B3B95E-DCE6-40D9-9224-C8B3570FB3D8}.Release|x64.ActiveCfg = Release|Any CPU
		{B6B3B95E-DCE6-40D9-9224-C8B3570FB3D8}.Release|x64.Build.0 = Release|Any CPU
		{B6B3B95E-DCE6-40D9-9224-C8B3570FB3D8}.Release|x86.ActiveCfg = Release|Any CPU
		{B6B3B95E-DCE6-40D9-9224-C8B3570FB3D8}.Release|x86.Build.0 = Release|Any CPU
	EndGlobalSection
	GlobalSection(SolutionProperties) = preSolution
		HideSolutionNode = FALSE
	EndGlobalSection
	GlobalSection(NestedProjects) = preSolution
		{C47A8FF3-087D-4C3D-9BE3-14837F1484F4} = {827E0CD3-B72D-47B6-A68D-7590B98EB39B}
		{B3D35EC7-FAD2-45D5-A1B6-FA733A1A1EEC} = {827E0CD3-B72D-47B6-A68D-7590B98EB39B}
		{0AAD0056-C6DC-4E31-AEF2-EEEE2F288A33} = {827E0CD3-B72D-47B6-A68D-7590B98EB39B}
		{F6F5BBC2-625A-43C1-A7F9-26E7B63F70F4} = {827E0CD3-B72D-47B6-A68D-7590B98EB39B}
		{09EB93CE-E55A-4FC1-8417-5FD338988A54} = {827E0CD3-B72D-47B6-A68D-7590B98EB39B}
		{56B01CF0-D07B-4D9B-AE14-51BF079981E5} = {0AB3BF05-4346-4AA6-1389-037BE0695223}
		{53736F08-52CD-4786-AA0F-CD857F10502A} = {0AB3BF05-4346-4AA6-1389-037BE0695223}
		{B6B3B95E-DCE6-40D9-9224-C8B3570FB3D8} = {0AB3BF05-4346-4AA6-1389-037BE0695223}
	EndGlobalSection
EndGlobal
